// !$*UTF8*$!
{
	archiveVersion = 1;
	classes = {
	};
	objectVersion = 50;
	objects = {

/* Begin PBXBuildFile section */
		72B32A4B22396C2B0002F75D /* AppDelegate.swift in Sources */ = {isa = PBXBuildFile; fileRef = 72B32A4A22396C2B0002F75D /* AppDelegate.swift */; };
		72B32A4D22396C2B0002F75D /* ViewController.swift in Sources */ = {isa = PBXBuildFile; fileRef = 72B32A4C22396C2B0002F75D /* ViewController.swift */; };
		72B32A5022396C2B0002F75D /* Main.storyboard in Resources */ = {isa = PBXBuildFile; fileRef = 72B32A4E22396C2B0002F75D /* Main.storyboard */; };
		72B32A5322396C2B0002F75D /* GitP.xcdatamodeld in Sources */ = {isa = PBXBuildFile; fileRef = 72B32A5122396C2B0002F75D /* GitP.xcdatamodeld */; };
		72B32A5522396C2C0002F75D /* Assets.xcassets in Resources */ = {isa = PBXBuildFile; fileRef = 72B32A5422396C2C0002F75D /* Assets.xcassets */; };
		72B32A5822396C2C0002F75D /* LaunchScreen.storyboard in Resources */ = {isa = PBXBuildFile; fileRef = 72B32A5622396C2C0002F75D /* LaunchScreen.storyboard */; };
/* End PBXBuildFile section */

/* Begin PBXFileReference section */
		72B32A4722396C2B0002F75D /* GitP.app */ = {isa = PBXFileReference; explicitFileType = wrapper.application; includeInIndex = 0; path = GitP.app; sourceTree = BUILT_PRODUCTS_DIR; };
		72B32A4A22396C2B0002F75D /* AppDelegate.swift */ = {isa = PBXFileReference; lastKnownFileType = sourcecode.swift; path = AppDelegate.swift; sourceTree = "<group>"; };
		72B32A4C22396C2B0002F75D /* ViewController.swift */ = {isa = PBXFileReference; lastKnownFileType = sourcecode.swift; path = ViewController.swift; sourceTree = "<group>"; };
		72B32A4F22396C2B0002F75D /* Base */ = {isa = PBXFileReference; lastKnownFileType = file.storyboard; name = Base; path = Base.lproj/Main.storyboard; sourceTree = "<group>"; };
		72B32A5222396C2B0002F75D /* GitP.xcdatamodel */ = {isa = PBXFileReference; lastKnownFileType = wrapper.xcdatamodel; path = GitP.xcdatamodel; sourceTree = "<group>"; };
		72B32A5422396C2C0002F75D /* Assets.xcassets */ = {isa = PBXFileReference; lastKnownFileType = folder.assetcatalog; path = Assets.xcassets; sourceTree = "<group>"; };
		72B32A5722396C2C0002F75D /* Base */ = {isa = PBXFileReference; lastKnownFileType = file.storyboard; name = Base; path = Base.lproj/LaunchScreen.storyboard; sourceTree = "<group>"; };
		72B32A5922396C2C0002F75D /* Info.plist */ = {isa = PBXFileReference; lastKnownFileType = text.plist.xml; path = Info.plist; sourceTree = "<group>"; };
/* End PBXFileReference section */

/* Begin PBXFrameworksBuildPhase section */
		72B32A4422396C2B0002F75D /* Frameworks */ = {
			isa = PBXFrameworksBuildPhase;
			buildActionMask = 2147483647;
			files = (
			);
			runOnlyForDeploymentPostprocessing = 0;
		};
/* End PBXFrameworksBuildPhase section */

/* Begin PBXGroup section */
		72B32A3E22396C2B0002F75D = {
			isa = PBXGroup;
			children = (
				72B32A4922396C2B0002F75D /* GitP */,
				72B32A4822396C2B0002F75D /* Products */,
			);
			sourceTree = "<group>";
		};
		72B32A4822396C2B0002F75D /* Products */ = {
			isa = PBXGroup;
			children = (
				72B32A4722396C2B0002F75D /* GitP.app */,
			);
			name = Products;
			sourceTree = "<group>";
		};
		72B32A4922396C2B0002F75D /* GitP */ = {
			isa = PBXGroup;
			children = (
				72B32A4A22396C2B0002F75D /* AppDelegate.swift */,
				72B32A4C22396C2B0002F75D /* ViewController.swift */,
				72B32A4E22396C2B0002F75D /* Main.storyboard */,
				72B32A5422396C2C0002F75D /* Assets.xcassets */,
				72B32A5622396C2C0002F75D /* LaunchScreen.storyboard */,
				72B32A5922396C2C0002F75D /* Info.plist */,
				72B32A5122396C2B0002F75D /* GitP.xcdatamodeld */,
			);
			path = GitP;
			sourceTree = "<group>";
		};
/* End PBXGroup section */

/* Begin PBXNativeTarget section */
		72B32A4622396C2B0002F75D /* GitP */ = {
			isa = PBXNativeTarget;
			buildConfigurationList = 72B32A5C22396C2C0002F75D /* Build configuration list for PBXNativeTarget "GitP" */;
			buildPhases = (
				72B32A4322396C2B0002F75D /* Sources */,
				72B32A4422396C2B0002F75D /* Frameworks */,
				72B32A4522396C2B0002F75D /* Resources */,
			);
			buildRules = (
			);
			dependencies = (
			);
			name = GitP;
			productName = GitP;
			productReference = 72B32A4722396C2B0002F75D /* GitP.app */;
			productType = "com.apple.product-type.application";
		};
/* End PBXNativeTarget section */

/* Begin PBXProject section */
		72B32A3F22396C2B0002F75D /* Project object */ = {
			isa = PBXProject;
			attributes = {
				LastSwiftUpdateCheck = 0940;
				LastUpgradeCheck = 0940;
				ORGANIZATIONNAME = "syed ali ashraf";
				TargetAttributes = {
					72B32A4622396C2B0002F75D = {
						CreatedOnToolsVersion = 9.4;
					};
				};
			};
			buildConfigurationList = 72B32A4222396C2B0002F75D /* Build configuration list for PBXProject "GitP" */;
			compatibilityVersion = "Xcode 9.3";
			developmentRegion = en;
			hasScannedForEncodings = 0;
			knownRegions = (
				en,
				Base,
			);
			mainGroup = 72B32A3E22396C2B0002F75D;
			productRefGroup = 72B32A4822396C2B0002F75D /* Products */;
			projectDirPath = "";
			projectRoot = "";
			targets = (
				72B32A4622396C2B0002F75D /* GitP */,
			);
		};
/* End PBXProject section */

/* Begin PBXResourcesBuildPhase section */
		72B32A4522396C2B0002F75D /* Resources */ = {
			isa = PBXResourcesBuildPhase;
			buildActionMask = 2147483647;
			files = (
				72B32A5822396C2C0002F75D /* LaunchScreen.storyboard in Resources */,
				72B32A5522396C2C0002F75D /* Assets.xcassets in Resources */,
				72B32A5022396C2B0002F75D /* Main.storyboard in Resources */,
			);
			runOnlyForDeploymentPostprocessing = 0;
		};
/* End PBXResourcesBuildPhase section */

/* Begin PBXSourcesBuildPhase section */
		72B32A4322396C2B0002F75D /* Sources */ = {
			isa = PBXSourcesBuildPhase;
			buildActionMask = 2147483647;
			files = (
				72B32A4D22396C2B0002F75D /* ViewController.swift in Sources */,
				72B32A5322396C2B0002F75D /* GitP.xcdatamodeld in Sources */,
				72B32A4B22396C2B0002F75D /* AppDelegate.swift in Sources */,
			);
			runOnlyForDeploymentPostprocessing = 0;
		};
/* End PBXSourcesBuildPhase section */

/* Begin PBXVariantGroup section */
		72B32A4E22396C2B0002F75D /* Main.storyboard */ = {
			isa = PBXVariantGroup;
			children = (
				72B32A4F22396C2B0002F75D /* Base */,
			);
			name = Main.storyboard;
			sourceTree = "<group>";
		};
		72B32A5622396C2C0002F75D /* LaunchScreen.storyboard */ = {
			isa = PBXVariantGroup;
			children = (
				72B32A5722396C2C0002F75D /* Base */,
			);
			name = LaunchScreen.storyboard;
			sourceTree = "<group>";
		};
/* End PBXVariantGroup section */

/* Begin XCBuildConfiguration section */
		72B32A5A22396C2C0002F75D /* Debug */ = {
			isa = XCBuildConfiguration;
			buildSettings = {
				ALWAYS_SEARCH_USER_PATHS = NO;
				CLANG_ANALYZER_NONNULL = YES;
				CLANG_ANALYZER_NUMBER_OBJECT_CONVERSION = YES_AGGRESSIVE;
				CLANG_CXX_LANGUAGE_STANDARD = "gnu++14";
				CLANG_CXX_LIBRARY = "libc++";
				CLANG_ENABLE_MODULES = YES;
				CLANG_ENABLE_OBJC_ARC = YES;
				CLANG_ENABLE_OBJC_WEAK = YES;
				CLANG_WARN_BLOCK_CAPTURE_AUTORELEASING = YES;
				CLANG_WARN_BOOL_CONVERSION = YES;
				CLANG_WARN_COMMA = YES;
				CLANG_WARN_CONSTANT_CONVERSION = YES;
				CLANG_WARN_DEPRECATED_OBJC_IMPLEMENTATIONS = YES;
				CLANG_WARN_DIRECT_OBJC_ISA_USAGE = YES_ERROR;
				CLANG_WARN_DOCUMENTATION_COMMENTS = YES;
				CLANG_WARN_EMPTY_BODY = YES;
				CLANG_WARN_ENUM_CONVERSION = YES;
				CLANG_WARN_INFINITE_RECURSION = YES;
				CLANG_WARN_INT_CONVERSION = YES;
				CLANG_WARN_NON_LITERAL_NULL_CONVERSION = YES;
				CLANG_WARN_OBJC_IMPLICIT_RETAIN_SELF = YES;
				CLANG_WARN_OBJC_LITERAL_CONVERSION = YES;
				CLANG_WARN_OBJC_ROOT_CLASS = YES_ERROR;
				CLANG_WARN_RANGE_LOOP_ANALYSIS = YES;
				CLANG_WARN_STRICT_PROTOTYPES = YES;
				CLANG_WARN_SUSPICIOUS_MOVE = YES;
				CLANG_WARN_UNGUARDED_AVAILABILITY = YES_AGGRESSIVE;
				CLANG_WARN_UNREACHABLE_CODE = YES;
				CLANG_WARN__DUPLICATE_METHOD_MATCH = YES;
				CODE_SIGN_IDENTITY = "iPhone Developer";
				COPY_PHASE_STRIP = NO;
				DEBUG_INFORMATION_FORMAT = dwarf;
				ENABLE_STRICT_OBJC_MSGSEND = YES;
				ENABLE_TESTABILITY = YES;
				GCC_C_LANGUAGE_STANDARD = gnu11;
				GCC_DYNAMIC_NO_PIC = NO;
				GCC_NO_COMMON_BLOCKS = YES;
				GCC_OPTIMIZATION_LEVEL = 0;
				GCC_PREPROCESSOR_DEFINITIONS = (
					"DEBUG=1",
					"$(inherited)",
				);
				GCC_WARN_64_TO_32_BIT_CONVERSION = YES;
				GCC_WARN_ABOUT_RETURN_TYPE = YES_ERROR;
				GCC_WARN_UNDECLARED_SELECTOR = YES;
				GCC_WARN_UNINITIALIZED_AUTOS = YES_AGGRESSIVE;
				GCC_WARN_UNUSED_FUNCTION = YES;
				GCC_WARN_UNUSED_VARIABLE = YES;
				IPHONEOS_DEPLOYMENT_TARGET = 11.4;
				MTL_ENABLE_DEBUG_INFO = YES;
				ONLY_ACTIVE_ARCH = YES;
				SDKROOT = iphoneos;
				SWIFT_ACTIVE_COMPILATION_CONDITIONS = DEBUG;
				SWIFT_OPTIMIZATION_LEVEL = "-Onone";
			};
			name = Debug;
		};
		72B32A5B22396C2C0002F75D /* Release */ = {
			isa = XCBuildConfiguration;
			buildSettings = {
				ALWAYS_SEARCH_USER_PATHS = NO;
				CLANG_ANALYZER_NONNULL = YES;
				CLANG_ANALYZER_NUMBER_OBJECT_CONVERSION = YES_AGGRESSIVE;
				CLANG_CXX_LANGUAGE_STANDARD = "gnu++14";
				CLANG_CXX_LIBRARY = "libc++";
				CLANG_ENABLE_MODULES = YES;
				CLANG_ENABLE_OBJC_ARC = YES;
				CLANG_ENABLE_OBJC_WEAK = YES;
				CLANG_WARN_BLOCK_CAPTURE_AUTORELEASING = YES;
				CLANG_WARN_BOOL_CONVERSION = YES;
				CLANG_WARN_COMMA = YES;
				CLANG_WARN_CONSTANT_CONVERSION = YES;
				CLANG_WARN_DEPRECATED_OBJC_IMPLEMENTATIONS = YES;
				CLANG_WARN_DIRECT_OBJC_ISA_USAGE = YES_ERROR;
				CLANG_WARN_DOCUMENTATION_COMMENTS = YES;
				CLANG_WARN_EMPTY_BODY = YES;
				CLANG_WARN_ENUM_CONVERSION = YES;
				CLANG_WARN_INFINITE_RECURSION = YES;
				CLANG_WARN_INT_CONVERSION = YES;
				CLANG_WARN_NON_LITERAL_NULL_CONVERSION = YES;
				CLANG_WARN_OBJC_IMPLICIT_RETAIN_SELF = YES;
				CLANG_WARN_OBJC_LITERAL_CONVERSION = YES;
				CLANG_WARN_OBJC_ROOT_CLASS = YES_ERROR;
				CLANG_WARN_RANGE_LOOP_ANALYSIS = YES;
				CLANG_WARN_STRICT_PROTOTYPES = YES;
				CLANG_WARN_SUSPICIOUS_MOVE = YES;
				CLANG_WARN_UNGUARDED_AVAILABILITY = YES_AGGRESSIVE;
				CLANG_WARN_UNREACHABLE_CODE = YES;
				CLANG_WARN__DUPLICATE_METHOD_MATCH = YES;
				CODE_SIGN_IDENTITY = "iPhone Developer";
				COPY_PHASE_STRIP = NO;
				DEBUG_INFORMATION_FORMAT = "dwarf-with-dsym";
				ENABLE_NS_ASSERTIONS = NO;
				ENABLE_STRICT_OBJC_MSGSEND = YES;
				GCC_C_LANGUAGE_STANDARD = gnu11;
				GCC_NO_COMMON_BLOCKS = YES;
				GCC_WARN_64_TO_32_BIT_CONVERSION = YES;
				GCC_WARN_ABOUT_RETURN_TYPE = YES_ERROR;
				GCC_WARN_UNDECLARED_SELECTOR = YES;
				GCC_WARN_UNINITIALIZED_AUTOS = YES_AGGRESSIVE;
				GCC_WARN_UNUSED_FUNCTION = YES;
				GCC_WARN_UNUSED_VARIABLE = YES;
				IPHONEOS_DEPLOYMENT_TARGET = 11.4;
				MTL_ENABLE_DEBUG_INFO = NO;
				SDKROOT = iphoneos;
				SWIFT_COMPILATION_MODE = wholemodule;
				SWIFT_OPTIMIZATION_LEVEL = "-O";
				VALIDATE_PRODUCT = YES;
			};
			name = Release;
		};
		72B32A5D22396C2C0002F75D /* Debug */ = {
			isa = XCBuildConfiguration;
			buildSettings = {
				ASSETCATALOG_COMPILER_APPICON_NAME = AppIcon;
				CODE_SIGN_STYLE = Automatic;
				INFOPLIST_FILE = GitP/Info.plist;
				LD_RUNPATH_SEARCH_PATHS = (
					"$(inherited)",
					"@executable_path/Frameworks",
				);
				PRODUCT_BUNDLE_IDENTIFIER = ashraf.GitP;
				PRODUCT_NAME = "$(TARGET_NAME)";
				SWIFT_VERSION = 4.0;
				TARGETED_DEVICE_FAMILY = "1,2";
			};
			name = Debug;
		};
		72B32A5E22396C2C0002F75D /* Release */ = {
			isa = XCBuildConfiguration;
			buildSettings = {
				ASSETCATALOG_COMPILER_APPICON_NAME = AppIcon;
				CODE_SIGN_STYLE = Automatic;
				INFOPLIST_FILE = GitP/Info.plist;
				LD_RUNPATH_SEARCH_PATHS = (
					"$(inherited)",
					"@executable_path/Frameworks",
				);
				PRODUCT_BUNDLE_IDENTIFIER = ashraf.GitP;
				PRODUCT_NAME = "$(TARGET_NAME)";
				SWIFT_VERSION = 4.0;
				TARGETED_DEVICE_FAMILY = "1,2";
			};
			name = Release;
		};
/* End XCBuildConfiguration section */

/* Begin XCConfigurationList section */
		72B32A4222396C2B0002F75D /* Build configuration list for PBXProject "GitP" */ = {
			isa = XCConfigurationList;
			buildConfigurations = (
				72B32A5A22396C2C0002F75D /* Debug */,
				72B32A5B22396C2C0002F75D /* Release */,
			);
			defaultConfigurationIsVisible = 0;
			defaultConfigurationName = Release;
		};
		72B32A5C22396C2C0002F75D /* Build configuration list for PBXNativeTarget "GitP" */ = {
			isa = XCConfigurationList;
			buildConfigurations = (
				72B32A5D22396C2C0002F75D /* Debug */,
				72B32A5E22396C2C0002F75D /* Release */,
			);
			defaultConfigurationIsVisible = 0;
			defaultConfigurationName = Release;
		};
/* End XCConfigurationList section */

/* Begin XCVersionGroup section */
		72B32A5122396C2B0002F75D /* GitP.xcdatamodeld */ = {
			isa = XCVersionGroup;
			children = (
				72B32A5222396C2B0002F75D /* GitP.xcdatamodel */,
			);
			currentVersion = 72B32A5222396C2B0002F75D /* GitP.xcdatamodel */;
			path = GitP.xcdatamodeld;
			sourceTree = "<group>";
			versionGroupType = wrapper.xcdatamodel;
		};
/* End XCVersionGroup section */
	};
	rootObject = 72B32A3F22396C2B0002F75D /* Project object */;
}
